
Microsoft Visual Studio Solution File, Format Version 12.00
# Visual Studio Version 17
VisualStudioVersion = 17.0.32126.317
MinimumVisualStudioVersion = 10.0.40219.1
Project("{9A19103F-16F7-4668-BE54-9A1E7A4F7556}") = "Sirma_Solutions_Assigment.API", "Sirma_Solutions_Assigment\Sirma_Solutions_Assigment.API.csproj", "{1347619D-6AAA-4866-9BD8-B0DB9F27E351}"
EndProject
Project("{9A19103F-16F7-4668-BE54-9A1E7A4F7556}") = "Sirma_Solutions_Assigment.BussinessLogic", "Sirma_Solutions_Assigment_BussinessLogic\Sirma_Solutions_Assigment.BussinessLogic.csproj", "{52D62A53-682A-4FE1-9B92-E322E57F9FAA}"
EndProject
Project("{9A19103F-16F7-4668-BE54-9A1E7A4F7556}") = "Sirma_Solutions_Assigment.DTO", "Sirma_Solutions_Assigment.DTO\Sirma_Solutions_Assigment.DTO.csproj", "{3EE598B0-BD25-4EBF-840A-DA5783AE7638}"
EndProject
Project("{9A19103F-16F7-4668-BE54-9A1E7A4F7556}") = "Sirma_Solutions_Assigment.Web", "Sirma_Solutions_Assigment.Web\Sirma_Solutions_Assigment.Web.csproj", "{12395363-2D9A-4353-A2C1-9339EBA5065A}"
EndProject
Project("{FAE04EC0-301F-11D3-BF4B-00C04F79EFBC}") = "Sirma_Solutions_Assigment.UnitTests", "Sirma_Solutions_Assigment.UnitTests\Sirma_Solutions_Assigment.UnitTests.csproj", "{D7DCDCFF-02D2-456D-9CE6-785B28B89015}"
EndProject
Global
	GlobalSection(SolutionConfigurationPlatforms) = preSolution
		Debug|Any CPU = Debug|Any CPU
		Release|Any CPU = Release|Any CPU
	EndGlobalSection
	GlobalSection(ProjectConfigurationPlatforms) = postSolution
		{1347619D-6AAA-4866-9BD8-B0DB9F27E351}.Debug|Any CPU.ActiveCfg = Debug|Any CPU
		{1347619D-6AAA-4866-9BD8-B0DB9F27E351}.Debug|Any CPU.Build.0 = Debug|Any CPU
		{1347619D-6AAA-4866-9BD8-B0DB9F27E351}.Release|Any CPU.ActiveCfg = Release|Any CPU
		{1347619D-6AAA-4866-9BD8-B0DB9F27E351}.Release|Any CPU.Build.0 = Release|Any CPU
		{52D62A53-682A-4FE1-9B92-E322E57F9FAA}.Debug|Any CPU.ActiveCfg = Debug|Any CPU
		{52D62A53-682A-4FE1-9B92-E322E57F9FAA}.Debug|Any CPU.Build.0 = Debug|Any CPU
		{52D62A53-682A-4FE1-9B92-E322E57F9FAA}.Release|Any CPU.ActiveCfg = Release|Any CPU
		{52D62A53-682A-4FE1-9B92-E322E57F9FAA}.Release|Any CPU.Build.0 = Release|Any CPU
		{3EE598B0-BD25-4EBF-840A-DA5783AE7638}.Debug|Any CPU.ActiveCfg = Debug|Any CPU
		{3EE598B0-BD25-4EBF-840A-DA5783AE7638}.Debug|Any CPU.Build.0 = Debug|Any CPU
		{3EE598B0-BD25-4EBF-840A-DA5783AE7638}.Release|Any CPU.ActiveCfg = Release|Any CPU
		{3EE598B0-BD25-4EBF-840A-DA5783AE7638}.Release|Any CPU.Build.0 = Release|Any CPU
		{12395363-2D9A-4353-A2C1-9339EBA5065A}.Debug|Any CPU.ActiveCfg = Debug|Any CPU
		{12395363-2D9A-4353-A2C1-9339EBA5065A}.Debug|Any CPU.Build.0 = Debug|Any CPU
		{12395363-2D9A-4353-A2C1-9339EBA5065A}.Release|Any CPU.ActiveCfg = Release|Any CPU
		{12395363-2D9A-4353-A2C1-9339EBA5065A}.Release|Any CPU.Build.0 = Release|Any CPU
		{D7DCDCFF-02D2-456D-9CE6-785B28B89015}.Debug|Any CPU.ActiveCfg = Debug|Any CPU
		{D7DCDCFF-02D2-456D-9CE6-785B28B89015}.Debug|Any CPU.Build.0 = Debug|Any CPU
		{D7DCDCFF-02D2-456D-9CE6-785B28B89015}.Release|Any CPU.ActiveCfg = Release|Any CPU
		{D7DCDCFF-02D2-456D-9CE6-785B28B89015}.Release|Any CPU.Build.0 = Release|Any CPU
	EndGlobalSection
	GlobalSection(SolutionProperties) = preSolution
		HideSolutionNode = FALSE
	EndGlobalSection
	GlobalSection(ExtensibilityGlobals) = postSolution
		SolutionGuid = {0143B8E1-6384-40A1-B01C-612BA1C374F5}
	EndGlobalSection
EndGlobal
